
Microsoft Visual Studio Solution File, Format Version 12.00
# Visual Studio Version 17
VisualStudioVersion = 17.8.34316.72
MinimumVisualStudioVersion = 10.0.40219.1
Project("{FAE04EC0-301F-11D3-BF4B-00C04F79EFBC}") = "Nde1st", "Nde1st\Nde1st.csproj", "{44FB93C6-9787-4D0C-9536-FFA9137BA9B0}"
EndProject
Global
	GlobalSection(SolutionConfigurationPlatforms) = preSolution
		Debug|Any CPU = Debug|Any CPU
		Release|Any CPU = Release|Any CPU
	EndGlobalSection
	GlobalSection(ProjectConfigurationPlatforms) = postSolution
		{44FB93C6-9787-4D0C-9536-FFA9137BA9B0}.Debug|Any CPU.ActiveCfg = Debug|Any CPU
		{44FB93C6-9787-4D0C-9536-FFA9137BA9B0}.Debug|Any CPU.Build.0 = Debug|Any CPU
		{44FB93C6-9787-4D0C-9536-FFA9137BA9B0}.Release|Any CPU.ActiveCfg = Release|Any CPU
		{44FB93C6-9787-4D0C-9536-FFA9137BA9B0}.Release|Any CPU.Build.0 = Release|Any CPU
	EndGlobalSection
	GlobalSection(SolutionProperties) = preSolution
		HideSolutionNode = FALSE
	EndGlobalSection
	GlobalSection(ExtensibilityGlobals) = postSolution
		SolutionGuid = {E6A5622D-1201-43FE-85EC-C4EC3AE237D4}
	EndGlobalSection
EndGlobal
